// !$*UTF8*$!
{
	archiveVersion = 1;
	classes = {
	};
	objectVersion = 50;
	objects = {

/* Begin PBXBuildFile section */
		268C55472227D71A00986EB2 /* AppDelegate.swift in Sources */ = {isa = PBXBuildFile; fileRef = 268C55462227D71A00986EB2 /* AppDelegate.swift */; };
		268C55492227D71A00986EB2 /* ViewController.swift in Sources */ = {isa = PBXBuildFile; fileRef = 268C55482227D71A00986EB2 /* ViewController.swift */; };
		268C554C2227D71A00986EB2 /* Main.storyboard in Resources */ = {isa = PBXBuildFile; fileRef = 268C554A2227D71A00986EB2 /* Main.storyboard */; };
		268C554E2227D71C00986EB2 /* Assets.xcassets in Resources */ = {isa = PBXBuildFile; fileRef = 268C554D2227D71C00986EB2 /* Assets.xcassets */; };
		268C55512227D71C00986EB2 /* LaunchScreen.storyboard in Resources */ = {isa = PBXBuildFile; fileRef = 268C554F2227D71C00986EB2 /* LaunchScreen.storyboard */; };
		268C55592227D7C100986EB2 /* knStaticListController.swift in Sources */ = {isa = PBXBuildFile; fileRef = 268C55582227D7C100986EB2 /* knStaticListController.swift */; };
		268C555B2227D81700986EB2 /* knConstraints.swift in Sources */ = {isa = PBXBuildFile; fileRef = 268C555A2227D81700986EB2 /* knConstraints.swift */; };
		268C555D2227E80200986EB2 /* knUIMaker.swift in Sources */ = {isa = PBXBuildFile; fileRef = 268C555C2227E80200986EB2 /* knUIMaker.swift */; };
/* End PBXBuildFile section */

/* Begin PBXFileReference section */
		268C55432227D71A00986EB2 /* FlexibleController.app */ = {isa = PBXFileReference; explicitFileType = wrapper.application; includeInIndex = 0; path = FlexibleController.app; sourceTree = BUILT_PRODUCTS_DIR; };
		268C55462227D71A00986EB2 /* AppDelegate.swift */ = {isa = PBXFileReference; lastKnownFileType = sourcecode.swift; path = AppDelegate.swift; sourceTree = "<group>"; };
		268C55482227D71A00986EB2 /* ViewController.swift */ = {isa = PBXFileReference; lastKnownFileType = sourcecode.swift; path = ViewController.swift; sourceTree = "<group>"; };
		268C554B2227D71A00986EB2 /* Base */ = {isa = PBXFileReference; lastKnownFileType = file.storyboard; name = Base; path = Base.lproj/Main.storyboard; sourceTree = "<group>"; };
		268C554D2227D71C00986EB2 /* Assets.xcassets */ = {isa = PBXFileReference; lastKnownFileType = folder.assetcatalog; path = Assets.xcassets; sourceTree = "<group>"; };
		268C55502227D71C00986EB2 /* Base */ = {isa = PBXFileReference; lastKnownFileType = file.storyboard; name = Base; path = Base.lproj/LaunchScreen.storyboard; sourceTree = "<group>"; };
		268C55522227D71C00986EB2 /* Info.plist */ = {isa = PBXFileReference; lastKnownFileType = text.plist.xml; path = Info.plist; sourceTree = "<group>"; };
		268C55582227D7C100986EB2 /* knStaticListController.swift */ = {isa = PBXFileReference; lastKnownFileType = sourcecode.swift; path = knStaticListController.swift; sourceTree = "<group>"; };
		268C555A2227D81700986EB2 /* knConstraints.swift */ = {isa = PBXFileReference; fileEncoding = 4; lastKnownFileType = sourcecode.swift; path = knConstraints.swift; sourceTree = "<group>"; };
		268C555C2227E80200986EB2 /* knUIMaker.swift */ = {isa = PBXFileReference; fileEncoding = 4; lastKnownFileType = sourcecode.swift; path = knUIMaker.swift; sourceTree = "<group>"; };
/* End PBXFileReference section */

/* Begin PBXFrameworksBuildPhase section */
		268C55402227D71A00986EB2 /* Frameworks */ = {
			isa = PBXFrameworksBuildPhase;
			buildActionMask = 2147483647;
			files = (
			);
			runOnlyForDeploymentPostprocessing = 0;
		};
/* End PBXFrameworksBuildPhase section */

/* Begin PBXGroup section */
		268C553A2227D71A00986EB2 = {
			isa = PBXGroup;
			children = (
				268C55452227D71A00986EB2 /* FlexibleController */,
				268C55442227D71A00986EB2 /* Products */,
			);
			sourceTree = "<group>";
		};
		268C55442227D71A00986EB2 /* Products */ = {
			isa = PBXGroup;
			children = (
				268C55432227D71A00986EB2 /* FlexibleController.app */,
			);
			name = Products;
			sourceTree = "<group>";
		};
		268C55452227D71A00986EB2 /* FlexibleController */ = {
			isa = PBXGroup;
			children = (
				268C55462227D71A00986EB2 /* AppDelegate.swift */,
				268C555A2227D81700986EB2 /* knConstraints.swift */,
				268C555C2227E80200986EB2 /* knUIMaker.swift */,
				268C55482227D71A00986EB2 /* ViewController.swift */,
				268C554A2227D71A00986EB2 /* Main.storyboard */,
				268C554D2227D71C00986EB2 /* Assets.xcassets */,
				268C554F2227D71C00986EB2 /* LaunchScreen.storyboard */,
				268C55522227D71C00986EB2 /* Info.plist */,
				268C55582227D7C100986EB2 /* knStaticListController.swift */,
			);
			path = FlexibleController;
			sourceTree = "<group>";
		};
/* End PBXGroup section */

/* Begin PBXNativeTarget section */
		268C55422227D71A00986EB2 /* FlexibleController */ = {
			isa = PBXNativeTarget;
			buildConfigurationList = 268C55552227D71C00986EB2 /* Build configuration list for PBXNativeTarget "FlexibleController" */;
			buildPhases = (
				268C553F2227D71A00986EB2 /* Sources */,
				268C55402227D71A00986EB2 /* Frameworks */,
				268C55412227D71A00986EB2 /* Resources */,
			);
			buildRules = (
			);
			dependencies = (
			);
			name = FlexibleController;
			productName = FlexibleController;
			productReference = 268C55432227D71A00986EB2 /* FlexibleController.app */;
			productType = "com.apple.product-type.application";
		};
/* End PBXNativeTarget section */

/* Begin PBXProject section */
		268C553B2227D71A00986EB2 /* Project object */ = {
			isa = PBXProject;
			attributes = {
				LastSwiftUpdateCheck = 1010;
				LastUpgradeCheck = 1010;
				ORGANIZATIONNAME = "Ky Nguyen";
				TargetAttributes = {
					268C55422227D71A00986EB2 = {
						CreatedOnToolsVersion = 10.1;
					};
				};
			};
			buildConfigurationList = 268C553E2227D71A00986EB2 /* Build configuration list for PBXProject "FlexibleController" */;
			compatibilityVersion = "Xcode 9.3";
			developmentRegion = en;
			hasScannedForEncodings = 0;
			knownRegions = (
				en,
				Base,
			);
			mainGroup = 268C553A2227D71A00986EB2;
			productRefGroup = 268C55442227D71A00986EB2 /* Products */;
			projectDirPath = "";
			projectRoot = "";
			targets = (
				268C55422227D71A00986EB2 /* FlexibleController */,
			);
		};
/* End PBXProject section */

/* Begin PBXResourcesBuildPhase section */
		268C55412227D71A00986EB2 /* Resources */ = {
			isa = PBXResourcesBuildPhase;
			buildActionMask = 2147483647;
			files = (
				268C55512227D71C00986EB2 /* LaunchScreen.storyboard in Resources */,
				268C554E2227D71C00986EB2 /* Assets.xcassets in Resources */,
				268C554C2227D71A00986EB2 /* Main.storyboard in Resources */,
			);
			runOnlyForDeploymentPostprocessing = 0;
		};
/* End PBXResourcesBuildPhase section */

/* Begin PBXSourcesBuildPhase section */
		268C553F2227D71A00986EB2 /* Sources */ = {
			isa = PBXSourcesBuildPhase;
			buildActionMask = 2147483647;
			files = (
				268C55492227D71A00986EB2 /* ViewController.swift in Sources */,
				268C555D2227E80200986EB2 /* knUIMaker.swift in Sources */,
				268C55472227D71A00986EB2 /* AppDelegate.swift in Sources */,
				268C55592227D7C100986EB2 /* knStaticListController.swift in Sources */,
				268C555B2227D81700986EB2 /* knConstraints.swift in Sources */,
			);
			runOnlyForDeploymentPostprocessing = 0;
		};
/* End PBXSourcesBuildPhase section */

/* Begin PBXVariantGroup section */
		268C554A2227D71A00986EB2 /* Main.storyboard */ = {
			isa = PBXVariantGroup;
			children = (
				268C554B2227D71A00986EB2 /* Base */,
			);
			name = Main.storyboard;
			sourceTree = "<group>";
		};
		268C554F2227D71C00986EB2 /* LaunchScreen.storyboard */ = {
			isa = PBXVariantGroup;
			children = (
				268C55502227D71C00986EB2 /* Base */,
			);
			name = LaunchScreen.storyboard;
			sourceTree = "<group>";
		};
/* End PBXVariantGroup section */

/* Begin XCBuildConfiguration section */
		268C55532227D71C00986EB2 /* Debug */ = {
			isa = XCBuildConfiguration;
			buildSettings = {
				ALWAYS_SEARCH_USER_PATHS = NO;
				CLANG_ANALYZER_NONNULL = YES;
				CLANG_ANALYZER_NUMBER_OBJECT_CONVERSION = YES_AGGRESSIVE;
				CLANG_CXX_LANGUAGE_STANDARD = "gnu++14";
				CLANG_CXX_LIBRARY = "libc++";
				CLANG_ENABLE_MODULES = YES;
				CLANG_ENABLE_OBJC_ARC = YES;
				CLANG_ENABLE_OBJC_WEAK = YES;
				CLANG_WARN_BLOCK_CAPTURE_AUTORELEASING = YES;
				CLANG_WARN_BOOL_CONVERSION = YES;
				CLANG_WARN_COMMA = YES;
				CLANG_WARN_CONSTANT_CONVERSION = YES;
				CLANG_WARN_DEPRECATED_OBJC_IMPLEMENTATIONS = YES;
				CLANG_WARN_DIRECT_OBJC_ISA_USAGE = YES_ERROR;
				CLANG_WARN_DOCUMENTATION_COMMENTS = YES;
				CLANG_WARN_EMPTY_BODY = YES;
				CLANG_WARN_ENUM_CONVERSION = YES;
				CLANG_WARN_INFINITE_RECURSION = YES;
				CLANG_WARN_INT_CONVERSION = YES;
				CLANG_WARN_NON_LITERAL_NULL_CONVERSION = YES;
				CLANG_WARN_OBJC_IMPLICIT_RETAIN_SELF = YES;
				CLANG_WARN_OBJC_LITERAL_CONVERSION = YES;
				CLANG_WARN_OBJC_ROOT_CLASS = YES_ERROR;
				CLANG_WARN_RANGE_LOOP_ANALYSIS = YES;
				CLANG_WARN_STRICT_PROTOTYPES = YES;
				CLANG_WARN_SUSPICIOUS_MOVE = YES;
				CLANG_WARN_UNGUARDED_AVAILABILITY = YES_AGGRESSIVE;
				CLANG_WARN_UNREACHABLE_CODE = YES;
				CLANG_WARN__DUPLICATE_METHOD_MATCH = YES;
				CODE_SIGN_IDENTITY = "iPhone Developer";
				COPY_PHASE_STRIP = NO;
				DEBUG_INFORMATION_FORMAT = dwarf;
				ENABLE_STRICT_OBJC_MSGSEND = YES;
				ENABLE_TESTABILITY = YES;
				GCC_C_LANGUAGE_STANDARD = gnu11;
				GCC_DYNAMIC_NO_PIC = NO;
				GCC_NO_COMMON_BLOCKS = YES;
				GCC_OPTIMIZATION_LEVEL = 0;
				GCC_PREPROCESSOR_DEFINITIONS = (
					"DEBUG=1",
					"$(inherited)",
				);
				GCC_WARN_64_TO_32_BIT_CONVERSION = YES;
				GCC_WARN_ABOUT_RETURN_TYPE = YES_ERROR;
				GCC_WARN_UNDECLARED_SELECTOR = YES;
				GCC_WARN_UNINITIALIZED_AUTOS = YES_AGGRESSIVE;
				GCC_WARN_UNUSED_FUNCTION = YES;
				GCC_WARN_UNUSED_VARIABLE = YES;
				IPHONEOS_DEPLOYMENT_TARGET = 12.1;
				MTL_ENABLE_DEBUG_INFO = INCLUDE_SOURCE;
				MTL_FAST_MATH = YES;
				ONLY_ACTIVE_ARCH = YES;
				SDKROOT = iphoneos;
				SWIFT_ACTIVE_COMPILATION_CONDITIONS = DEBUG;
				SWIFT_OPTIMIZATION_LEVEL = "-Onone";
			};
			name = Debug;
		};
		268C55542227D71C00986EB2 /* Release */ = {
			isa = XCBuildConfiguration;
			buildSettings = {
				ALWAYS_SEARCH_USER_PATHS = NO;
				CLANG_ANALYZER_NONNULL = YES;
				CLANG_ANALYZER_NUMBER_OBJECT_CONVERSION = YES_AGGRESSIVE;
				CLANG_CXX_LANGUAGE_STANDARD = "gnu++14";
				CLANG_CXX_LIBRARY = "libc++";
				CLANG_ENABLE_MODULES = YES;
				CLANG_ENABLE_OBJC_ARC = YES;
				CLANG_ENABLE_OBJC_WEAK = YES;
				CLANG_WARN_BLOCK_CAPTURE_AUTORELEASING = YES;
				CLANG_WARN_BOOL_CONVERSION = YES;
				CLANG_WARN_COMMA = YES;
				CLANG_WARN_CONSTANT_CONVERSION = YES;
				CLANG_WARN_DEPRECATED_OBJC_IMPLEMENTATIONS = YES;
				CLANG_WARN_DIRECT_OBJC_ISA_USAGE = YES_ERROR;
				CLANG_WARN_DOCUMENTATION_COMMENTS = YES;
				CLANG_WARN_EMPTY_BODY = YES;
				CLANG_WARN_ENUM_CONVERSION = YES;
				CLANG_WARN_INFINITE_RECURSION = YES;
				CLANG_WARN_INT_CONVERSION = YES;
				CLANG_WARN_NON_LITERAL_NULL_CONVERSION = YES;
				CLANG_WARN_OBJC_IMPLICIT_RETAIN_SELF = YES;
				CLANG_WARN_OBJC_LITERAL_CONVERSION = YES;
				CLANG_WARN_OBJC_ROOT_CLASS = YES_ERROR;
				CLANG_WARN_RANGE_LOOP_ANALYSIS = YES;
				CLANG_WARN_STRICT_PROTOTYPES = YES;
				CLANG_WARN_SUSPICIOUS_MOVE = YES;
				CLANG_WARN_UNGUARDED_AVAILABILITY = YES_AGGRESSIVE;
				CLANG_WARN_UNREACHABLE_CODE = YES;
				CLANG_WARN__DUPLICATE_METHOD_MATCH = YES;
				CODE_SIGN_IDENTITY = "iPhone Developer";
				COPY_PHASE_STRIP = NO;
				DEBUG_INFORMATION_FORMAT = "dwarf-with-dsym";
				ENABLE_NS_ASSERTIONS = NO;
				ENABLE_STRICT_OBJC_MSGSEND = YES;
				GCC_C_LANGUAGE_STANDARD = gnu11;
				GCC_NO_COMMON_BLOCKS = YES;
				GCC_WARN_64_TO_32_BIT_CONVERSION = YES;
				GCC_WARN_ABOUT_RETURN_TYPE = YES_ERROR;
				GCC_WARN_UNDECLARED_SELECTOR = YES;
				GCC_WARN_UNINITIALIZED_AUTOS = YES_AGGRESSIVE;
				GCC_WARN_UNUSED_FUNCTION = YES;
				GCC_WARN_UNUSED_VARIABLE = YES;
				IPHONEOS_DEPLOYMENT_TARGET = 12.1;
				MTL_ENABLE_DEBUG_INFO = NO;
				MTL_FAST_MATH = YES;
				SDKROOT = iphoneos;
				SWIFT_COMPILATION_MODE = wholemodule;
				SWIFT_OPTIMIZATION_LEVEL = "-O";
				VALIDATE_PRODUCT = YES;
			};
			name = Release;
		};
		268C55562227D71C00986EB2 /* Debug */ = {
			isa = XCBuildConfiguration;
			buildSettings = {
				ASSETCATALOG_COMPILER_APPICON_NAME = AppIcon;
				CODE_SIGN_STYLE = Automatic;
				DEVELOPMENT_TEAM = YM62LBZ4XN;
				INFOPLIST_FILE = FlexibleController/Info.plist;
				LD_RUNPATH_SEARCH_PATHS = (
					"$(inherited)",
					"@executable_path/Frameworks",
				);
				PRODUCT_BUNDLE_IDENTIFIER = kynguyen.FlexibleController;
				PRODUCT_NAME = "$(TARGET_NAME)";
				SWIFT_VERSION = 4.2;
				TARGETED_DEVICE_FAMILY = "1,2";
			};
			name = Debug;
		};
		268C55572227D71C00986EB2 /* Release */ = {
			isa = XCBuildConfiguration;
			buildSettings = {
				ASSETCATALOG_COMPILER_APPICON_NAME = AppIcon;
				CODE_SIGN_STYLE = Automatic;
				DEVELOPMENT_TEAM = YM62LBZ4XN;
				INFOPLIST_FILE = FlexibleController/Info.plist;
				LD_RUNPATH_SEARCH_PATHS = (
					"$(inherited)",
					"@executable_path/Frameworks",
				);
				PRODUCT_BUNDLE_IDENTIFIER = kynguyen.FlexibleController;
				PRODUCT_NAME = "$(TARGET_NAME)";
				SWIFT_VERSION = 4.2;
				TARGETED_DEVICE_FAMILY = "1,2";
			};
			name = Release;
		};
/* End XCBuildConfiguration section */

/* Begin XCConfigurationList section */
		268C553E2227D71A00986EB2 /* Build configuration list for PBXProject "FlexibleController" */ = {
			isa = XCConfigurationList;
			buildConfigurations = (
				268C55532227D71C00986EB2 /* Debug */,
				268C55542227D71C00986EB2 /* Release */,
			);
			defaultConfigurationIsVisible = 0;
			defaultConfigurationName = Release;
		};
		268C55552227D71C00986EB2 /* Build configuration list for PBXNativeTarget "FlexibleController" */ = {
			isa = XCConfigurationList;
			buildConfigurations = (
				268C55562227D71C00986EB2 /* Debug */,
				268C55572227D71C00986EB2 /* Release */,
			);
			defaultConfigurationIsVisible = 0;
			defaultConfigurationName = Release;
		};
/* End XCConfigurationList section */
	};
	rootObject = 268C553B2227D71A00986EB2 /* Project object */;
}
